
Microsoft Visual Studio Solution File, Format Version 12.00
# Visual Studio Version 16
VisualStudioVersion = 16.0.29920.165
MinimumVisualStudioVersion = 10.0.40219.1
Project("{FAE04EC0-301F-11D3-BF4B-00C04F79EFBC}") = "Sock_Merchant", "Sock_Merchant\Sock_Merchant.csproj", "{7EF9BFB5-EBB6-4887-9DDD-039FDFE05DE2}"
EndProject
Global
	GlobalSection(SolutionConfigurationPlatforms) = preSolution
		Debug|Any CPU = Debug|Any CPU
		Release|Any CPU = Release|Any CPU
	EndGlobalSection
	GlobalSection(ProjectConfigurationPlatforms) = postSolution
		{7EF9BFB5-EBB6-4887-9DDD-039FDFE05DE2}.Debug|Any CPU.ActiveCfg = Debug|Any CPU
		{7EF9BFB5-EBB6-4887-9DDD-039FDFE05DE2}.Debug|Any CPU.Build.0 = Debug|Any CPU
		{7EF9BFB5-EBB6-4887-9DDD-039FDFE05DE2}.Release|Any CPU.ActiveCfg = Release|Any CPU
		{7EF9BFB5-EBB6-4887-9DDD-039FDFE05DE2}.Release|Any CPU.Build.0 = Release|Any CPU
	EndGlobalSection
	GlobalSection(SolutionProperties) = preSolution
		HideSolutionNode = FALSE
	EndGlobalSection
	GlobalSection(ExtensibilityGlobals) = postSolution
		SolutionGuid = {4B140177-0756-4FCB-A254-F598E0E09520}
	EndGlobalSection
EndGlobal
