
Microsoft Visual Studio Solution File, Format Version 12.00
# Visual Studio Version 16
VisualStudioVersion = 16.0.30711.63
MinimumVisualStudioVersion = 10.0.40219.1
Project("{FAE04EC0-301F-11D3-BF4B-00C04F79EFBC}") = "TowerOfHanoi", "TowerOfHanoi\TowerOfHanoi.csproj", "{ACE3370B-0382-435B-8C02-6D5101BDCFDE}"
EndProject
Global
	GlobalSection(SolutionConfigurationPlatforms) = preSolution
		Debug|Any CPU = Debug|Any CPU
		Release|Any CPU = Release|Any CPU
	EndGlobalSection
	GlobalSection(ProjectConfigurationPlatforms) = postSolution
		{ACE3370B-0382-435B-8C02-6D5101BDCFDE}.Debug|Any CPU.ActiveCfg = Debug|Any CPU
		{ACE3370B-0382-435B-8C02-6D5101BDCFDE}.Debug|Any CPU.Build.0 = Debug|Any CPU
		{ACE3370B-0382-435B-8C02-6D5101BDCFDE}.Release|Any CPU.ActiveCfg = Release|Any CPU
		{ACE3370B-0382-435B-8C02-6D5101BDCFDE}.Release|Any CPU.Build.0 = Release|Any CPU
	EndGlobalSection
	GlobalSection(SolutionProperties) = preSolution
		HideSolutionNode = FALSE
	EndGlobalSection
	GlobalSection(ExtensibilityGlobals) = postSolution
		SolutionGuid = {4E65F706-2134-4493-9F4F-DEF6CBE422BA}
	EndGlobalSection
EndGlobal
